
Microsoft Visual Studio Solution File, Format Version 12.00
# Visual Studio Version 17
VisualStudioVersion = 17.9.34616.47
MinimumVisualStudioVersion = 10.0.40219.1
Project("{8BC9CEB8-8B4A-11D0-8D11-00A0C91BC942}") = "dz221", "dz221\dz221.vcxproj", "{905B5712-AD82-4998-9DC5-B19B1D611CC1}"
EndProject
Global
	GlobalSection(SolutionConfigurationPlatforms) = preSolution
		Debug|x64 = Debug|x64
		Debug|x86 = Debug|x86
		Release|x64 = Release|x64
		Release|x86 = Release|x86
	EndGlobalSection
	GlobalSection(ProjectConfigurationPlatforms) = postSolution
		{905B5712-AD82-4998-9DC5-B19B1D611CC1}.Debug|x64.ActiveCfg = Debug|x64
		{905B5712-AD82-4998-9DC5-B19B1D611CC1}.Debug|x64.Build.0 = Debug|x64
		{905B5712-AD82-4998-9DC5-B19B1D611CC1}.Debug|x86.ActiveCfg = Debug|Win32
		{905B5712-AD82-4998-9DC5-B19B1D611CC1}.Debug|x86.Build.0 = Debug|Win32
		{905B5712-AD82-4998-9DC5-B19B1D611CC1}.Release|x64.ActiveCfg = Release|x64
		{905B5712-AD82-4998-9DC5-B19B1D611CC1}.Release|x64.Build.0 = Release|x64
		{905B5712-AD82-4998-9DC5-B19B1D611CC1}.Release|x86.ActiveCfg = Release|Win32
		{905B5712-AD82-4998-9DC5-B19B1D611CC1}.Release|x86.Build.0 = Release|Win32
	EndGlobalSection
	GlobalSection(SolutionProperties) = preSolution
		HideSolutionNode = FALSE
	EndGlobalSection
	GlobalSection(ExtensibilityGlobals) = postSolution
		SolutionGuid = {38C8918F-3B85-4C24-96AC-99B220AB199D}
	EndGlobalSection
EndGlobal
